
Microsoft Visual Studio Solution File, Format Version 12.00
# Visual Studio Version 17
VisualStudioVersion = 17.8.34330.188
MinimumVisualStudioVersion = 10.0.40219.1
Project("{9A19103F-16F7-4668-BE54-9A1E7A4F7556}") = "MVCWithEntity", "MVCWithEntity\MVCWithEntity.csproj", "{B987DF26-A8CA-4350-A6FF-81DBB5FBFC69}"
EndProject
Project("{FAE04EC0-301F-11D3-BF4B-00C04F79EFBC}") = "WebApplication1", "WebApplication1\WebApplication1.csproj", "{13992617-8C51-4D12-904D-429E293D79CC}"
EndProject
Global
	GlobalSection(SolutionConfigurationPlatforms) = preSolution
		Debug|Any CPU = Debug|Any CPU
		Release|Any CPU = Release|Any CPU
	EndGlobalSection
	GlobalSection(ProjectConfigurationPlatforms) = postSolution
		{B987DF26-A8CA-4350-A6FF-81DBB5FBFC69}.Debug|Any CPU.ActiveCfg = Debug|Any CPU
		{B987DF26-A8CA-4350-A6FF-81DBB5FBFC69}.Debug|Any CPU.Build.0 = Debug|Any CPU
		{B987DF26-A8CA-4350-A6FF-81DBB5FBFC69}.Release|Any CPU.ActiveCfg = Release|Any CPU
		{B987DF26-A8CA-4350-A6FF-81DBB5FBFC69}.Release|Any CPU.Build.0 = Release|Any CPU
		{13992617-8C51-4D12-904D-429E293D79CC}.Debug|Any CPU.ActiveCfg = Debug|Any CPU
		{13992617-8C51-4D12-904D-429E293D79CC}.Debug|Any CPU.Build.0 = Debug|Any CPU
		{13992617-8C51-4D12-904D-429E293D79CC}.Release|Any CPU.ActiveCfg = Release|Any CPU
		{13992617-8C51-4D12-904D-429E293D79CC}.Release|Any CPU.Build.0 = Release|Any CPU
	EndGlobalSection
	GlobalSection(SolutionProperties) = preSolution
		HideSolutionNode = FALSE
	EndGlobalSection
	GlobalSection(ExtensibilityGlobals) = postSolution
		SolutionGuid = {7A366A13-7D44-4D97-BA30-D77C7EA543C0}
	EndGlobalSection
EndGlobal
